
Microsoft Visual Studio Solution File, Format Version 12.00
# Visual Studio Version 17
VisualStudioVersion = 17.0.31903.59
MinimumVisualStudioVersion = 10.0.40219.1
Project("{FAE04EC0-301F-11D3-BF4B-00C04F79EFBC}") = "CRISP.Backend", "src\CRISP.Backend\CRISP.Backend.csproj", "{ABA76567-C821-4E58-8835-62E677761C68}"
EndProject
Project("{FAE04EC0-301F-11D3-BF4B-00C04F79EFBC}") = "CRISP.Blazor", "Samples\CRISP.Blazor\CRISP.Blazor\CRISP.Blazor.csproj", "{66186443-B57F-4346-8903-C4F474EDDBD8}"
EndProject
Project("{FAE04EC0-301F-11D3-BF4B-00C04F79EFBC}") = "CRISP.Blazor.Client", "Samples\CRISP.Blazor\CRISP.Blazor.Client\CRISP.Blazor.Client.csproj", "{B7591ABC-386E-40D1-B356-472B88129DAC}"
EndProject
Project("{2150E333-8FDC-42A3-9474-1A3956D46DE8}") = "Samples", "Samples", "{02EA681E-C7D8-13C7-8484-4AC65E1B71E8}"
EndProject
Project("{FAE04EC0-301F-11D3-BF4B-00C04F79EFBC}") = "CRISP.Backend.Tests", "tests\CRISP.Backend.Tests\CRISP.Backend.Tests.csproj", "{D7269AD3-9B08-F803-5E3B-A510D5831FB5}"
EndProject
Project("{FAE04EC0-301F-11D3-BF4B-00C04F79EFBC}") = "CRISP.Tests", "tests\CRISP.Tests\CRISP.Tests.csproj", "{598A4FD8-28DB-CFD4-AF5D-C9EA087AFFC0}"
EndProject
Project("{FAE04EC0-301F-11D3-BF4B-00C04F79EFBC}") = "CRISP.Core", "src\CRISP.Core\CRISP.Core.csproj", "{4BA161B6-0C0F-4191-8281-DEB4296CFB31}"
EndProject
Project("{FAE04EC0-301F-11D3-BF4B-00C04F79EFBC}") = "CRISP.Validation", "src\CRISP.Validation\CRISP.Validation.csproj", "{A2D0D7A5-DCDB-4FA1-AB66-2EDA50902FA7}"
EndProject
Project("{FAE04EC0-301F-11D3-BF4B-00C04F79EFBC}") = "CRISP.Resilience", "src\CRISP.Resilience\CRISP.Resilience.csproj", "{3FC69180-6A7E-4A5E-8CA1-3FA8C877CFF5}"
EndProject
Project("{2150E333-8FDC-42A3-9474-1A3956D46DE8}") = "Tests", "Tests", "{7817788C-D22E-4DA1-9854-D35202E1789B}"
EndProject
Project("{2150E333-8FDC-42A3-9474-1A3956D46DE8}") = "Src", "Src", "{A88C6B1C-622F-4F98-9241-067F3EA9EC92}"
EndProject
Project("{FAE04EC0-301F-11D3-BF4B-00C04F79EFBC}") = "CRISP.Frontend", "src\CRISP.Frontend\CRISP.Frontend.csproj", "{FA08EF04-9F76-4A64-BF06-14EF555E0DF3}"
EndProject
Global
	GlobalSection(SolutionConfigurationPlatforms) = preSolution
		Debug|Any CPU = Debug|Any CPU
		Debug|x64 = Debug|x64
		Debug|x86 = Debug|x86
		Release|Any CPU = Release|Any CPU
		Release|x64 = Release|x64
		Release|x86 = Release|x86
	EndGlobalSection
	GlobalSection(ProjectConfigurationPlatforms) = postSolution
		{ABA76567-C821-4E58-8835-62E677761C68}.Debug|Any CPU.ActiveCfg = Debug|Any CPU
		{ABA76567-C821-4E58-8835-62E677761C68}.Debug|Any CPU.Build.0 = Debug|Any CPU
		{ABA76567-C821-4E58-8835-62E677761C68}.Debug|x64.ActiveCfg = Debug|Any CPU
		{ABA76567-C821-4E58-8835-62E677761C68}.Debug|x64.Build.0 = Debug|Any CPU
		{ABA76567-C821-4E58-8835-62E677761C68}.Debug|x86.ActiveCfg = Debug|Any CPU
		{ABA76567-C821-4E58-8835-62E677761C68}.Debug|x86.Build.0 = Debug|Any CPU
		{ABA76567-C821-4E58-8835-62E677761C68}.Release|Any CPU.ActiveCfg = Release|Any CPU
		{ABA76567-C821-4E58-8835-62E677761C68}.Release|Any CPU.Build.0 = Release|Any CPU
		{ABA76567-C821-4E58-8835-62E677761C68}.Release|x64.ActiveCfg = Release|Any CPU
		{ABA76567-C821-4E58-8835-62E677761C68}.Release|x64.Build.0 = Release|Any CPU
		{ABA76567-C821-4E58-8835-62E677761C68}.Release|x86.ActiveCfg = Release|Any CPU
		{ABA76567-C821-4E58-8835-62E677761C68}.Release|x86.Build.0 = Release|Any CPU
		{66186443-B57F-4346-8903-C4F474EDDBD8}.Debug|Any CPU.ActiveCfg = Debug|Any CPU
		{66186443-B57F-4346-8903-C4F474EDDBD8}.Debug|Any CPU.Build.0 = Debug|Any CPU
		{66186443-B57F-4346-8903-C4F474EDDBD8}.Debug|x64.ActiveCfg = Debug|Any CPU
		{66186443-B57F-4346-8903-C4F474EDDBD8}.Debug|x64.Build.0 = Debug|Any CPU
		{66186443-B57F-4346-8903-C4F474EDDBD8}.Debug|x86.ActiveCfg = Debug|Any CPU
		{66186443-B57F-4346-8903-C4F474EDDBD8}.Debug|x86.Build.0 = Debug|Any CPU
		{66186443-B57F-4346-8903-C4F474EDDBD8}.Release|Any CPU.ActiveCfg = Release|Any CPU
		{66186443-B57F-4346-8903-C4F474EDDBD8}.Release|Any CPU.Build.0 = Release|Any CPU
		{66186443-B57F-4346-8903-C4F474EDDBD8}.Release|x64.ActiveCfg = Release|Any CPU
		{66186443-B57F-4346-8903-C4F474EDDBD8}.Release|x64.Build.0 = Release|Any CPU
		{66186443-B57F-4346-8903-C4F474EDDBD8}.Release|x86.ActiveCfg = Release|Any CPU
		{66186443-B57F-4346-8903-C4F474EDDBD8}.Release|x86.Build.0 = Release|Any CPU
		{B7591ABC-386E-40D1-B356-472B88129DAC}.Debug|Any CPU.ActiveCfg = Debug|Any CPU
		{B7591ABC-386E-40D1-B356-472B88129DAC}.Debug|Any CPU.Build.0 = Debug|Any CPU
		{B7591ABC-386E-40D1-B356-472B88129DAC}.Debug|x64.ActiveCfg = Debug|Any CPU
		{B7591ABC-386E-40D1-B356-472B88129DAC}.Debug|x64.Build.0 = Debug|Any CPU
		{B7591ABC-386E-40D1-B356-472B88129DAC}.Debug|x86.ActiveCfg = Debug|Any CPU
		{B7591ABC-386E-40D1-B356-472B88129DAC}.Debug|x86.Build.0 = Debug|Any CPU
		{B7591ABC-386E-40D1-B356-472B88129DAC}.Release|Any CPU.ActiveCfg = Release|Any CPU
		{B7591ABC-386E-40D1-B356-472B88129DAC}.Release|Any CPU.Build.0 = Release|Any CPU
		{B7591ABC-386E-40D1-B356-472B88129DAC}.Release|x64.ActiveCfg = Release|Any CPU
		{B7591ABC-386E-40D1-B356-472B88129DAC}.Release|x64.Build.0 = Release|Any CPU
		{B7591ABC-386E-40D1-B356-472B88129DAC}.Release|x86.ActiveCfg = Release|Any CPU
		{B7591ABC-386E-40D1-B356-472B88129DAC}.Release|x86.Build.0 = Release|Any CPU
		{D7269AD3-9B08-F803-5E3B-A510D5831FB5}.Debug|Any CPU.ActiveCfg = Debug|Any CPU
		{D7269AD3-9B08-F803-5E3B-A510D5831FB5}.Debug|Any CPU.Build.0 = Debug|Any CPU
		{D7269AD3-9B08-F803-5E3B-A510D5831FB5}.Debug|x64.ActiveCfg = Debug|Any CPU
		{D7269AD3-9B08-F803-5E3B-A510D5831FB5}.Debug|x64.Build.0 = Debug|Any CPU
		{D7269AD3-9B08-F803-5E3B-A510D5831FB5}.Debug|x86.ActiveCfg = Debug|Any CPU
		{D7269AD3-9B08-F803-5E3B-A510D5831FB5}.Debug|x86.Build.0 = Debug|Any CPU
		{D7269AD3-9B08-F803-5E3B-A510D5831FB5}.Release|Any CPU.ActiveCfg = Release|Any CPU
		{D7269AD3-9B08-F803-5E3B-A510D5831FB5}.Release|Any CPU.Build.0 = Release|Any CPU
		{D7269AD3-9B08-F803-5E3B-A510D5831FB5}.Release|x64.ActiveCfg = Release|Any CPU
		{D7269AD3-9B08-F803-5E3B-A510D5831FB5}.Release|x64.Build.0 = Release|Any CPU
		{D7269AD3-9B08-F803-5E3B-A510D5831FB5}.Release|x86.ActiveCfg = Release|Any CPU
		{D7269AD3-9B08-F803-5E3B-A510D5831FB5}.Release|x86.Build.0 = Release|Any CPU
		{598A4FD8-28DB-CFD4-AF5D-C9EA087AFFC0}.Debug|Any CPU.ActiveCfg = Debug|Any CPU
		{598A4FD8-28DB-CFD4-AF5D-C9EA087AFFC0}.Debug|Any CPU.Build.0 = Debug|Any CPU
		{598A4FD8-28DB-CFD4-AF5D-C9EA087AFFC0}.Debug|x64.ActiveCfg = Debug|Any CPU
		{598A4FD8-28DB-CFD4-AF5D-C9EA087AFFC0}.Debug|x64.Build.0 = Debug|Any CPU
		{598A4FD8-28DB-CFD4-AF5D-C9EA087AFFC0}.Debug|x86.ActiveCfg = Debug|Any CPU
		{598A4FD8-28DB-CFD4-AF5D-C9EA087AFFC0}.Debug|x86.Build.0 = Debug|Any CPU
		{598A4FD8-28DB-CFD4-AF5D-C9EA087AFFC0}.Release|Any CPU.ActiveCfg = Release|Any CPU
		{598A4FD8-28DB-CFD4-AF5D-C9EA087AFFC0}.Release|Any CPU.Build.0 = Release|Any CPU
		{598A4FD8-28DB-CFD4-AF5D-C9EA087AFFC0}.Release|x64.ActiveCfg = Release|Any CPU
		{598A4FD8-28DB-CFD4-AF5D-C9EA087AFFC0}.Release|x64.Build.0 = Release|Any CPU
		{598A4FD8-28DB-CFD4-AF5D-C9EA087AFFC0}.Release|x86.ActiveCfg = Release|Any CPU
		{598A4FD8-28DB-CFD4-AF5D-C9EA087AFFC0}.Release|x86.Build.0 = Release|Any CPU
		{4BA161B6-0C0F-4191-8281-DEB4296CFB31}.Debug|Any CPU.ActiveCfg = Debug|Any CPU
		{4BA161B6-0C0F-4191-8281-DEB4296CFB31}.Debug|Any CPU.Build.0 = Debug|Any CPU
		{4BA161B6-0C0F-4191-8281-DEB4296CFB31}.Debug|x64.ActiveCfg = Debug|Any CPU
		{4BA161B6-0C0F-4191-8281-DEB4296CFB31}.Debug|x64.Build.0 = Debug|Any CPU
		{4BA161B6-0C0F-4191-8281-DEB4296CFB31}.Debug|x86.ActiveCfg = Debug|Any CPU
		{4BA161B6-0C0F-4191-8281-DEB4296CFB31}.Debug|x86.Build.0 = Debug|Any CPU
		{4BA161B6-0C0F-4191-8281-DEB4296CFB31}.Release|Any CPU.ActiveCfg = Release|Any CPU
		{4BA161B6-0C0F-4191-8281-DEB4296CFB31}.Release|Any CPU.Build.0 = Release|Any CPU
		{4BA161B6-0C0F-4191-8281-DEB4296CFB31}.Release|x64.ActiveCfg = Release|Any CPU
		{4BA161B6-0C0F-4191-8281-DEB4296CFB31}.Release|x64.Build.0 = Release|Any CPU
		{4BA161B6-0C0F-4191-8281-DEB4296CFB31}.Release|x86.ActiveCfg = Release|Any CPU
		{4BA161B6-0C0F-4191-8281-DEB4296CFB31}.Release|x86.Build.0 = Release|Any CPU
		{A2D0D7A5-DCDB-4FA1-AB66-2EDA50902FA7}.Debug|Any CPU.ActiveCfg = Debug|Any CPU
		{A2D0D7A5-DCDB-4FA1-AB66-2EDA50902FA7}.Debug|Any CPU.Build.0 = Debug|Any CPU
		{A2D0D7A5-DCDB-4FA1-AB66-2EDA50902FA7}.Debug|x64.ActiveCfg = Debug|Any CPU
		{A2D0D7A5-DCDB-4FA1-AB66-2EDA50902FA7}.Debug|x64.Build.0 = Debug|Any CPU
		{A2D0D7A5-DCDB-4FA1-AB66-2EDA50902FA7}.Debug|x86.ActiveCfg = Debug|Any CPU
		{A2D0D7A5-DCDB-4FA1-AB66-2EDA50902FA7}.Debug|x86.Build.0 = Debug|Any CPU
		{A2D0D7A5-DCDB-4FA1-AB66-2EDA50902FA7}.Release|Any CPU.ActiveCfg = Release|Any CPU
		{A2D0D7A5-DCDB-4FA1-AB66-2EDA50902FA7}.Release|Any CPU.Build.0 = Release|Any CPU
		{A2D0D7A5-DCDB-4FA1-AB66-2EDA50902FA7}.Release|x64.ActiveCfg = Release|Any CPU
		{A2D0D7A5-DCDB-4FA1-AB66-2EDA50902FA7}.Release|x64.Build.0 = Release|Any CPU
		{A2D0D7A5-DCDB-4FA1-AB66-2EDA50902FA7}.Release|x86.ActiveCfg = Release|Any CPU
		{A2D0D7A5-DCDB-4FA1-AB66-2EDA50902FA7}.Release|x86.Build.0 = Release|Any CPU
		{3FC69180-6A7E-4A5E-8CA1-3FA8C877CFF5}.Debug|Any CPU.ActiveCfg = Debug|Any CPU
		{3FC69180-6A7E-4A5E-8CA1-3FA8C877CFF5}.Debug|Any CPU.Build.0 = Debug|Any CPU
		{3FC69180-6A7E-4A5E-8CA1-3FA8C877CFF5}.Debug|x64.ActiveCfg = Debug|Any CPU
		{3FC69180-6A7E-4A5E-8CA1-3FA8C877CFF5}.Debug|x64.Build.0 = Debug|Any CPU
		{3FC69180-6A7E-4A5E-8CA1-3FA8C877CFF5}.Debug|x86.ActiveCfg = Debug|Any CPU
		{3FC69180-6A7E-4A5E-8CA1-3FA8C877CFF5}.Debug|x86.Build.0 = Debug|Any CPU
		{3FC69180-6A7E-4A5E-8CA1-3FA8C877CFF5}.Release|Any CPU.ActiveCfg = Release|Any CPU
		{3FC69180-6A7E-4A5E-8CA1-3FA8C877CFF5}.Release|Any CPU.Build.0 = Release|Any CPU
		{3FC69180-6A7E-4A5E-8CA1-3FA8C877CFF5}.Release|x64.ActiveCfg = Release|Any CPU
		{3FC69180-6A7E-4A5E-8CA1-3FA8C877CFF5}.Release|x64.Build.0 = Release|Any CPU
		{3FC69180-6A7E-4A5E-8CA1-3FA8C877CFF5}.Release|x86.ActiveCfg = Release|Any CPU
		{3FC69180-6A7E-4A5E-8CA1-3FA8C877CFF5}.Release|x86.Build.0 = Release|Any CPU
		{FA08EF04-9F76-4A64-BF06-14EF555E0DF3}.Debug|Any CPU.ActiveCfg = Debug|Any CPU
		{FA08EF04-9F76-4A64-BF06-14EF555E0DF3}.Debug|Any CPU.Build.0 = Debug|Any CPU
		{FA08EF04-9F76-4A64-BF06-14EF555E0DF3}.Debug|x64.ActiveCfg = Debug|Any CPU
		{FA08EF04-9F76-4A64-BF06-14EF555E0DF3}.Debug|x64.Build.0 = Debug|Any CPU
		{FA08EF04-9F76-4A64-BF06-14EF555E0DF3}.Debug|x86.ActiveCfg = Debug|Any CPU
		{FA08EF04-9F76-4A64-BF06-14EF555E0DF3}.Debug|x86.Build.0 = Debug|Any CPU
		{FA08EF04-9F76-4A64-BF06-14EF555E0DF3}.Release|Any CPU.ActiveCfg = Release|Any CPU
		{FA08EF04-9F76-4A64-BF06-14EF555E0DF3}.Release|Any CPU.Build.0 = Release|Any CPU
		{FA08EF04-9F76-4A64-BF06-14EF555E0DF3}.Release|x64.ActiveCfg = Release|Any CPU
		{FA08EF04-9F76-4A64-BF06-14EF555E0DF3}.Release|x64.Build.0 = Release|Any CPU
		{FA08EF04-9F76-4A64-BF06-14EF555E0DF3}.Release|x86.ActiveCfg = Release|Any CPU
		{FA08EF04-9F76-4A64-BF06-14EF555E0DF3}.Release|x86.Build.0 = Release|Any CPU
	EndGlobalSection
	GlobalSection(SolutionProperties) = preSolution
		HideSolutionNode = FALSE
	EndGlobalSection
	GlobalSection(NestedProjects) = preSolution
		{ABA76567-C821-4E58-8835-62E677761C68} = {A88C6B1C-622F-4F98-9241-067F3EA9EC92}
		{66186443-B57F-4346-8903-C4F474EDDBD8} = {02EA681E-C7D8-13C7-8484-4AC65E1B71E8}
		{B7591ABC-386E-40D1-B356-472B88129DAC} = {02EA681E-C7D8-13C7-8484-4AC65E1B71E8}
		{D7269AD3-9B08-F803-5E3B-A510D5831FB5} = {7817788C-D22E-4DA1-9854-D35202E1789B}
		{598A4FD8-28DB-CFD4-AF5D-C9EA087AFFC0} = {7817788C-D22E-4DA1-9854-D35202E1789B}
		{4BA161B6-0C0F-4191-8281-DEB4296CFB31} = {A88C6B1C-622F-4F98-9241-067F3EA9EC92}
		{A2D0D7A5-DCDB-4FA1-AB66-2EDA50902FA7} = {A88C6B1C-622F-4F98-9241-067F3EA9EC92}
		{3FC69180-6A7E-4A5E-8CA1-3FA8C877CFF5} = {A88C6B1C-622F-4F98-9241-067F3EA9EC92}
		{FA08EF04-9F76-4A64-BF06-14EF555E0DF3} = {A88C6B1C-622F-4F98-9241-067F3EA9EC92}
	EndGlobalSection
	GlobalSection(ExtensibilityGlobals) = postSolution
		SolutionGuid = {4D5CFA17-6A7B-439D-B23B-808194C4D9A4}
	EndGlobalSection
EndGlobal
